
Microsoft Visual Studio Solution File, Format Version 12.00
# Visual Studio Version 17
VisualStudioVersion = 17.13.35828.75
MinimumVisualStudioVersion = 10.0.40219.1
Project("{FAE04EC0-301F-11D3-BF4B-00C04F79EFBC}") = "ListaDeExercicio.ConsoleApp1", "ListaDeExercicio.ConsoleApp1\ListaDeExercicio.ConsoleApp1.csproj", "{3BC8490B-A824-4D0C-B36C-9821DDE75BE7}"
EndProject
Project("{FAE04EC0-301F-11D3-BF4B-00C04F79EFBC}") = "ListaDeExercicio.Exercicio02", "ListaDeExercicio.Exercicio02\ListaDeExercicio.Exercicio02.csproj", "{D20E1B86-8863-4FA2-B318-BD51F755CD55}"
EndProject
Project("{FAE04EC0-301F-11D3-BF4B-00C04F79EFBC}") = "ListaDeExercicio.Exercicio03", "ListaDeExercicio.Exercicio03\ListaDeExercicio.Exercicio03.csproj", "{5C1D32B3-EEAE-4E48-9E85-FBA78A662937}"
EndProject
Project("{FAE04EC0-301F-11D3-BF4B-00C04F79EFBC}") = "ListaDeExercicio.Exercicio04", "ListaDeExercicio.Exercicio04\ListaDeExercicio.Exercicio04.csproj", "{23010CE9-6E45-4E7B-88F8-3DCE3B252F84}"
EndProject
Project("{FAE04EC0-301F-11D3-BF4B-00C04F79EFBC}") = "ListaDeExercicio.Exercicio05", "ListaDeExercicio.Exercicio05\ListaDeExercicio.Exercicio05.csproj", "{7A7786F9-8C92-4124-A3BA-5E1B2ADE9EBA}"
EndProject
Project("{FAE04EC0-301F-11D3-BF4B-00C04F79EFBC}") = "ListaDeExercicios.Exercicio06", "ListaDeExercicios.Exercicio06\ListaDeExercicios.Exercicio06.csproj", "{525BDB6E-9D63-4A02-A359-D334AB1B5C51}"
EndProject
Project("{FAE04EC0-301F-11D3-BF4B-00C04F79EFBC}") = "ListaDeExercicio.Exercicio07", "ListaDeExercicio.Exercicio07\ListaDeExercicio.Exercicio07.csproj", "{F9EED4D7-B009-498C-A0BD-FCC27FE05BF4}"
EndProject
Project("{FAE04EC0-301F-11D3-BF4B-00C04F79EFBC}") = "ListaDeExercicios.Exercicio08", "ListaDeExercicios.Exercicio08\ListaDeExercicios.Exercicio08.csproj", "{FD17AE09-AA87-486A-A0D0-78401ABC2F01}"
EndProject
Project("{FAE04EC0-301F-11D3-BF4B-00C04F79EFBC}") = "ListaDeExercicio.Exercicio09", "ListaDeExercicio.Exercicio09\ListaDeExercicio.Exercicio09.csproj", "{F5CD5517-1F09-41C8-B330-B7F8EAF43368}"
EndProject
Project("{FAE04EC0-301F-11D3-BF4B-00C04F79EFBC}") = "ListaDeExercicio.Exercicio10", "ListaDeExercicio.Exercicio10\ListaDeExercicio.Exercicio10.csproj", "{FDE395CF-A306-468F-890C-51B3AD96FDDD}"
EndProject
Project("{FAE04EC0-301F-11D3-BF4B-00C04F79EFBC}") = "ListaDeExercicio.Exercicio11", "ListaDeExercicio.Exercicio11\ListaDeExercicio.Exercicio11.csproj", "{40D3E86D-1199-41AD-81DE-9BB37275E359}"
EndProject
Project("{FAE04EC0-301F-11D3-BF4B-00C04F79EFBC}") = "ListaDeExercicio.Exercicio12", "ListaDeExercicio.Exercicio12\ListaDeExercicio.Exercicio12.csproj", "{1DD49DA6-02BC-4040-A774-A94C70FE64BD}"
EndProject
Project("{FAE04EC0-301F-11D3-BF4B-00C04F79EFBC}") = "ListaDeExercicio.Exercicio13", "ListaDeExercicio.Exercicio13\ListaDeExercicio.Exercicio13.csproj", "{F75741D9-932A-45B1-9334-039B87E38865}"
EndProject
Project("{FAE04EC0-301F-11D3-BF4B-00C04F79EFBC}") = "ListaDeExercicio.Exercicio14", "ListaDeExercicio.Exercicio14\ListaDeExercicio.Exercicio14.csproj", "{18A31665-C354-447A-859E-8FF214674154}"
EndProject
Project("{FAE04EC0-301F-11D3-BF4B-00C04F79EFBC}") = "ListaDeExercicio.Exercicio15", "ListaDeExercicio.Exercicio15\ListaDeExercicio.Exercicio15.csproj", "{D001A535-0B63-43D2-BF0B-E67CBD0BFCEA}"
EndProject
Global
	GlobalSection(SolutionConfigurationPlatforms) = preSolution
		Debug|Any CPU = Debug|Any CPU
		Release|Any CPU = Release|Any CPU
	EndGlobalSection
	GlobalSection(ProjectConfigurationPlatforms) = postSolution
		{3BC8490B-A824-4D0C-B36C-9821DDE75BE7}.Debug|Any CPU.ActiveCfg = Debug|Any CPU
		{3BC8490B-A824-4D0C-B36C-9821DDE75BE7}.Debug|Any CPU.Build.0 = Debug|Any CPU
		{3BC8490B-A824-4D0C-B36C-9821DDE75BE7}.Release|Any CPU.ActiveCfg = Release|Any CPU
		{3BC8490B-A824-4D0C-B36C-9821DDE75BE7}.Release|Any CPU.Build.0 = Release|Any CPU
		{D20E1B86-8863-4FA2-B318-BD51F755CD55}.Debug|Any CPU.ActiveCfg = Debug|Any CPU
		{D20E1B86-8863-4FA2-B318-BD51F755CD55}.Debug|Any CPU.Build.0 = Debug|Any CPU
		{D20E1B86-8863-4FA2-B318-BD51F755CD55}.Release|Any CPU.ActiveCfg = Release|Any CPU
		{D20E1B86-8863-4FA2-B318-BD51F755CD55}.Release|Any CPU.Build.0 = Release|Any CPU
		{5C1D32B3-EEAE-4E48-9E85-FBA78A662937}.Debug|Any CPU.ActiveCfg = Debug|Any CPU
		{5C1D32B3-EEAE-4E48-9E85-FBA78A662937}.Debug|Any CPU.Build.0 = Debug|Any CPU
		{5C1D32B3-EEAE-4E48-9E85-FBA78A662937}.Release|Any CPU.ActiveCfg = Release|Any CPU
		{5C1D32B3-EEAE-4E48-9E85-FBA78A662937}.Release|Any CPU.Build.0 = Release|Any CPU
		{23010CE9-6E45-4E7B-88F8-3DCE3B252F84}.Debug|Any CPU.ActiveCfg = Debug|Any CPU
		{23010CE9-6E45-4E7B-88F8-3DCE3B252F84}.Debug|Any CPU.Build.0 = Debug|Any CPU
		{23010CE9-6E45-4E7B-88F8-3DCE3B252F84}.Release|Any CPU.ActiveCfg = Release|Any CPU
		{23010CE9-6E45-4E7B-88F8-3DCE3B252F84}.Release|Any CPU.Build.0 = Release|Any CPU
		{7A7786F9-8C92-4124-A3BA-5E1B2ADE9EBA}.Debug|Any CPU.ActiveCfg = Debug|Any CPU
		{7A7786F9-8C92-4124-A3BA-5E1B2ADE9EBA}.Debug|Any CPU.Build.0 = Debug|Any CPU
		{7A7786F9-8C92-4124-A3BA-5E1B2ADE9EBA}.Release|Any CPU.ActiveCfg = Release|Any CPU
		{7A7786F9-8C92-4124-A3BA-5E1B2ADE9EBA}.Release|Any CPU.Build.0 = Release|Any CPU
		{525BDB6E-9D63-4A02-A359-D334AB1B5C51}.Debug|Any CPU.ActiveCfg = Debug|Any CPU
		{525BDB6E-9D63-4A02-A359-D334AB1B5C51}.Debug|Any CPU.Build.0 = Debug|Any CPU
		{525BDB6E-9D63-4A02-A359-D334AB1B5C51}.Release|Any CPU.ActiveCfg = Release|Any CPU
		{525BDB6E-9D63-4A02-A359-D334AB1B5C51}.Release|Any CPU.Build.0 = Release|Any CPU
		{F9EED4D7-B009-498C-A0BD-FCC27FE05BF4}.Debug|Any CPU.ActiveCfg = Debug|Any CPU
		{F9EED4D7-B009-498C-A0BD-FCC27FE05BF4}.Debug|Any CPU.Build.0 = Debug|Any CPU
		{F9EED4D7-B009-498C-A0BD-FCC27FE05BF4}.Release|Any CPU.ActiveCfg = Release|Any CPU
		{F9EED4D7-B009-498C-A0BD-FCC27FE05BF4}.Release|Any CPU.Build.0 = Release|Any CPU
		{FD17AE09-AA87-486A-A0D0-78401ABC2F01}.Debug|Any CPU.ActiveCfg = Debug|Any CPU
		{FD17AE09-AA87-486A-A0D0-78401ABC2F01}.Debug|Any CPU.Build.0 = Debug|Any CPU
		{FD17AE09-AA87-486A-A0D0-78401ABC2F01}.Release|Any CPU.ActiveCfg = Release|Any CPU
		{FD17AE09-AA87-486A-A0D0-78401ABC2F01}.Release|Any CPU.Build.0 = Release|Any CPU
		{F5CD5517-1F09-41C8-B330-B7F8EAF43368}.Debug|Any CPU.ActiveCfg = Debug|Any CPU
		{F5CD5517-1F09-41C8-B330-B7F8EAF43368}.Debug|Any CPU.Build.0 = Debug|Any CPU
		{F5CD5517-1F09-41C8-B330-B7F8EAF43368}.Release|Any CPU.ActiveCfg = Release|Any CPU
		{F5CD5517-1F09-41C8-B330-B7F8EAF43368}.Release|Any CPU.Build.0 = Release|Any CPU
		{FDE395CF-A306-468F-890C-51B3AD96FDDD}.Debug|Any CPU.ActiveCfg = Debug|Any CPU
		{FDE395CF-A306-468F-890C-51B3AD96FDDD}.Debug|Any CPU.Build.0 = Debug|Any CPU
		{FDE395CF-A306-468F-890C-51B3AD96FDDD}.Release|Any CPU.ActiveCfg = Release|Any CPU
		{FDE395CF-A306-468F-890C-51B3AD96FDDD}.Release|Any CPU.Build.0 = Release|Any CPU
		{40D3E86D-1199-41AD-81DE-9BB37275E359}.Debug|Any CPU.ActiveCfg = Debug|Any CPU
		{40D3E86D-1199-41AD-81DE-9BB37275E359}.Debug|Any CPU.Build.0 = Debug|Any CPU
		{40D3E86D-1199-41AD-81DE-9BB37275E359}.Release|Any CPU.ActiveCfg = Release|Any CPU
		{40D3E86D-1199-41AD-81DE-9BB37275E359}.Release|Any CPU.Build.0 = Release|Any CPU
		{1DD49DA6-02BC-4040-A774-A94C70FE64BD}.Debug|Any CPU.ActiveCfg = Debug|Any CPU
		{1DD49DA6-02BC-4040-A774-A94C70FE64BD}.Debug|Any CPU.Build.0 = Debug|Any CPU
		{1DD49DA6-02BC-4040-A774-A94C70FE64BD}.Release|Any CPU.ActiveCfg = Release|Any CPU
		{1DD49DA6-02BC-4040-A774-A94C70FE64BD}.Release|Any CPU.Build.0 = Release|Any CPU
		{F75741D9-932A-45B1-9334-039B87E38865}.Debug|Any CPU.ActiveCfg = Debug|Any CPU
		{F75741D9-932A-45B1-9334-039B87E38865}.Debug|Any CPU.Build.0 = Debug|Any CPU
		{F75741D9-932A-45B1-9334-039B87E38865}.Release|Any CPU.ActiveCfg = Release|Any CPU
		{F75741D9-932A-45B1-9334-039B87E38865}.Release|Any CPU.Build.0 = Release|Any CPU
		{18A31665-C354-447A-859E-8FF214674154}.Debug|Any CPU.ActiveCfg = Debug|Any CPU
		{18A31665-C354-447A-859E-8FF214674154}.Debug|Any CPU.Build.0 = Debug|Any CPU
		{18A31665-C354-447A-859E-8FF214674154}.Release|Any CPU.ActiveCfg = Release|Any CPU
		{18A31665-C354-447A-859E-8FF214674154}.Release|Any CPU.Build.0 = Release|Any CPU
		{D001A535-0B63-43D2-BF0B-E67CBD0BFCEA}.Debug|Any CPU.ActiveCfg = Debug|Any CPU
		{D001A535-0B63-43D2-BF0B-E67CBD0BFCEA}.Debug|Any CPU.Build.0 = Debug|Any CPU
		{D001A535-0B63-43D2-BF0B-E67CBD0BFCEA}.Release|Any CPU.ActiveCfg = Release|Any CPU
		{D001A535-0B63-43D2-BF0B-E67CBD0BFCEA}.Release|Any CPU.Build.0 = Release|Any CPU
	EndGlobalSection
	GlobalSection(SolutionProperties) = preSolution
		HideSolutionNode = FALSE
	EndGlobalSection
	GlobalSection(ExtensibilityGlobals) = postSolution
		SolutionGuid = {77011280-49D6-4B94-B6AF-4DC6211E76AC}
	EndGlobalSection
EndGlobal
